
Microsoft Visual Studio Solution File, Format Version 12.00
# Visual Studio Version 16
VisualStudioVersion = 16.0.29806.167
MinimumVisualStudioVersion = 10.0.40219.1
Project("{FAE04EC0-301F-11D3-BF4B-00C04F79EFBC}") = "ScaryTask", "ScaryTask.csproj", "{512E6BD8-F2B8-4D3A-938E-42DE5BD0A6B6}"
EndProject
Global
	GlobalSection(SolutionConfigurationPlatforms) = preSolution
		Debug|Any CPU = Debug|Any CPU
		Release|Any CPU = Release|Any CPU
	EndGlobalSection
	GlobalSection(ProjectConfigurationPlatforms) = postSolution
		{512E6BD8-F2B8-4D3A-938E-42DE5BD0A6B6}.Debug|Any CPU.ActiveCfg = Debug|Any CPU
		{512E6BD8-F2B8-4D3A-938E-42DE5BD0A6B6}.Debug|Any CPU.Build.0 = Debug|Any CPU
		{512E6BD8-F2B8-4D3A-938E-42DE5BD0A6B6}.Release|Any CPU.ActiveCfg = Release|Any CPU
		{512E6BD8-F2B8-4D3A-938E-42DE5BD0A6B6}.Release|Any CPU.Build.0 = Release|Any CPU
	EndGlobalSection
	GlobalSection(SolutionProperties) = preSolution
		HideSolutionNode = FALSE
	EndGlobalSection
	GlobalSection(ExtensibilityGlobals) = postSolution
		SolutionGuid = {6ABEAA59-4CB4-47FE-80E9-166ED5166A4B}
	EndGlobalSection
EndGlobal
